
Microsoft Visual Studio Solution File, Format Version 12.00
# Visual Studio Version 17
VisualStudioVersion = 17.5.002.0
MinimumVisualStudioVersion = 10.0.40219.1
Project("{9A19103F-16F7-4668-BE54-9A1E7A4F7556}") = "sem1", "sem1\sem1.csproj", "{20C0BCB5-E193-4A49-8FC9-C4A545F1B05B}"
EndProject
Global
	GlobalSection(SolutionConfigurationPlatforms) = preSolution
		Debug|Any CPU = Debug|Any CPU
		Release|Any CPU = Release|Any CPU
	EndGlobalSection
	GlobalSection(ProjectConfigurationPlatforms) = postSolution
		{20C0BCB5-E193-4A49-8FC9-C4A545F1B05B}.Debug|Any CPU.ActiveCfg = Debug|Any CPU
		{20C0BCB5-E193-4A49-8FC9-C4A545F1B05B}.Debug|Any CPU.Build.0 = Debug|Any CPU
		{20C0BCB5-E193-4A49-8FC9-C4A545F1B05B}.Release|Any CPU.ActiveCfg = Release|Any CPU
		{20C0BCB5-E193-4A49-8FC9-C4A545F1B05B}.Release|Any CPU.Build.0 = Release|Any CPU
	EndGlobalSection
	GlobalSection(SolutionProperties) = preSolution
		HideSolutionNode = FALSE
	EndGlobalSection
	GlobalSection(ExtensibilityGlobals) = postSolution
		SolutionGuid = {88F74F7A-7732-4651-9ED4-85B5FA446D05}
	EndGlobalSection
EndGlobal
